<?xml version="1.0" encoding="utf-8"?>
<Project ToolsVersion="4.0" xmlns="http://schemas.microsoft.com/developer/msbuild/2003">
  <ItemGroup>
    <Filter Include="Source Files">
      <UniqueIdentifier>{4FC737F1-C7A5-4376-A066-2A32D752A2FF}</UniqueIdentifier>
      <Extensions>cpp;c;cc;cxx;def;odl;idl;hpj;bat;asm;asmx</Extensions>
    </Filter>
    <Filter Include="Header Files">
      <UniqueIdentifier>{93995380-89BD-4b04-88EB-625FBE52EBFB}</UniqueIdentifier>
      <Extensions>h;hh;hpp;hxx;hm;inl;inc;ipp;xsd</Extensions>
    </Filter>
    <Filter Include="Resource Files">
      <UniqueIdentifier>{67DA6AB6-F800-4c08-8B7A-83BB121AAD01}</UniqueIdentifier>
      <Extensions>rc;ico;cur;bmp;dlg;rc2;rct;bin;rgs;gif;jpg;jpeg;jpe;resx;tiff;tif;png;wav;mfcribbon-ms</Extensions>
    </Filter>
  </ItemGroup>
  <ItemGroup>
    <ClInclude Include="source\resource.h">
      <Filter>Header Files</Filter>
    </ClInclude>
    <ClInclude Include="source\stdafx.h">
      <Filter>Header Files</Filter>
    </ClInclude>
    <ClInclude Include="source\targetver.h">
      <Filter>Header Files</Filter>
    </ClInclude>
    <ClInclude Include="source\application.h">
      <Filter>Header Files</Filter>
    </ClInclude>
    <ClInclude Include="source\mainwindow.h">
      <Filter>Header Files</Filter>
    </ClInclude>
    <ClInclude Include="source\client.h">
      <Filter>Header Files</Filter>
    </ClInclude>
    <ClInclude Include="source\ringbuffer.h">
      <Filter>Header Files</Filter>
    </ClInclude>
    <ClInclude Include="source\cross3krc.h">
      <Filter>Header Files</Filter>
    </ClInclude>
    <ClInclude Include="source\cross3.h">
      <Filter>Header Files</Filter>
    </ClInclude>
    <ClInclude Include="source\ringstream.h">
      <Filter>Header Files</Filter>
    </ClInclude>
    <ClInclude Include="source\bufferstream.h">
      <Filter>Header Files</Filter>
    </ClInclude>
    <ClInclude Include="source\view.h">
      <Filter>Header Files</Filter>
    </ClInclude>
    <ClInclude Include="source\bstring.h">
      <Filter>Header Files</Filter>
    </ClInclude>
    <ClInclude Include="source\utilities.h">
      <Filter>Header Files</Filter>
    </ClInclude>
    <ClInclude Include="include\c3bi.h">
      <Filter>Header Files</Filter>
    </ClInclude>
    <ClInclude Include="source\settings.h">
      <Filter>Header Files</Filter>
    </ClInclude>
    <ClInclude Include="source\proxy.h">
      <Filter>Header Files</Filter>
    </ClInclude>
    <ClInclude Include="source\aboutdialog.h">
      <Filter>Header Files</Filter>
    </ClInclude>
    <ClInclude Include="source\callbackerrorimplementation.h">
      <Filter>Header Files</Filter>
    </ClInclude>
  </ItemGroup>
  <ItemGroup>
    <ClCompile Include="source\main.cpp">
      <Filter>Source Files</Filter>
    </ClCompile>
    <ClCompile Include="source\stdafx.cpp">
      <Filter>Source Files</Filter>
    </ClCompile>
    <ClCompile Include="source\application.cpp">
      <Filter>Source Files</Filter>
    </ClCompile>
    <ClCompile Include="source\mainwindow.cpp">
      <Filter>Source Files</Filter>
    </ClCompile>
    <ClCompile Include="source\client.cpp">
      <Filter>Source Files</Filter>
    </ClCompile>
    <ClCompile Include="source\ringbuffer.cpp">
      <Filter>Source Files</Filter>
    </ClCompile>
    <ClCompile Include="source\cross3krc.cpp">
      <Filter>Source Files</Filter>
    </ClCompile>
    <ClCompile Include="source\cross3.cpp">
      <Filter>Source Files</Filter>
    </ClCompile>
    <ClCompile Include="source\ringstream.cpp">
      <Filter>Source Files</Filter>
    </ClCompile>
    <ClCompile Include="source\bufferstream.cpp">
      <Filter>Source Files</Filter>
    </ClCompile>
    <ClCompile Include="source\view.cpp">
      <Filter>Source Files</Filter>
    </ClCompile>
    <ClCompile Include="source\client_variables.cpp">
      <Filter>Source Files</Filter>
    </ClCompile>
    <ClCompile Include="source\bstring.cpp">
      <Filter>Source Files</Filter>
    </ClCompile>
    <ClCompile Include="source\utilities.cpp">
      <Filter>Source Files</Filter>
    </ClCompile>
    <ClCompile Include="source\client_file.cpp">
      <Filter>Source Files</Filter>
    </ClCompile>
    <ClCompile Include="source\settings.cpp">
      <Filter>Source Files</Filter>
    </ClCompile>
    <ClCompile Include="source\proxy.cpp">
      <Filter>Source Files</Filter>
    </ClCompile>
    <ClCompile Include="source\aboutdialog.cpp">
      <Filter>Source Files</Filter>
    </ClCompile>
    <ClCompile Include="source\callbackerrorimplementation.cpp">
      <Filter>Source Files</Filter>
    </ClCompile>
    <ClCompile Include="source\client_cross.cpp">
      <Filter>Source Files</Filter>
    </ClCompile>
  </ItemGroup>
  <ItemGroup>
    <ResourceCompile Include="source\resources.rc">
      <Filter>Resource Files</Filter>
    </ResourceCompile>
  </ItemGroup>
  <ItemGroup>
    <Manifest Include="resources\main.manifest" />
  </ItemGroup>
  <ItemGroup>
    <Image Include="resources\main.ico">
      <Filter>Resource Files</Filter>
    </Image>
    <Image Include="resources\logo.bmp">
      <Filter>Resource Files</Filter>
    </Image>
  </ItemGroup>
</Project>