
Microsoft Visual Studio Solution File, Format Version 12.00
# Visual Studio 15
VisualStudioVersion = 15.0.28307.1062
MinimumVisualStudioVersion = 10.0.40219.1
Project("{8BC9CEB8-8B4A-11D0-8D11-00A0C91BC942}") = "C3Bridge", "C3Bridge.vcxproj", "{3EC3980F-E052-4E81-A188-7B3A152AC770}"
EndProject
Global
	GlobalSection(SolutionConfigurationPlatforms) = preSolution
		Debug|x64 = Debug|x64
		Debug|x86 = Debug|x86
		Release|x64 = Release|x64
		Release|x86 = Release|x86
	EndGlobalSection
	GlobalSection(ProjectConfigurationPlatforms) = postSolution
		{3EC3980F-E052-4E81-A188-7B3A152AC770}.Debug|x64.ActiveCfg = Debug|Win32
		{3EC3980F-E052-4E81-A188-7B3A152AC770}.Debug|x86.ActiveCfg = Debug|Win32
		{3EC3980F-E052-4E81-A188-7B3A152AC770}.Debug|x86.Build.0 = Debug|Win32
		{3EC3980F-E052-4E81-A188-7B3A152AC770}.Debug|x86.Deploy.0 = Debug|Win32
		{3EC3980F-E052-4E81-A188-7B3A152AC770}.Release|x64.ActiveCfg = Release|Win32
		{3EC3980F-E052-4E81-A188-7B3A152AC770}.Release|x86.ActiveCfg = Release|Win32
		{3EC3980F-E052-4E81-A188-7B3A152AC770}.Release|x86.Build.0 = Release|Win32
		{3EC3980F-E052-4E81-A188-7B3A152AC770}.Release|x86.Deploy.0 = Release|Win32
	EndGlobalSection
	GlobalSection(SolutionProperties) = preSolution
		HideSolutionNode = FALSE
	EndGlobalSection
	GlobalSection(ExtensibilityGlobals) = postSolution
		SolutionGuid = {4BBFCFA5-7471-4BDA-8DA3-368F899FBF02}
	EndGlobalSection
EndGlobal
